
Microsoft Visual Studio Solution File, Format Version 12.00
# Visual Studio 15
VisualStudioVersion = 15.0.27130.2036
MinimumVisualStudioVersion = 10.0.40219.1
Project("{FAE04EC0-301F-11D3-BF4B-00C04F79EFBC}") = "Compression and decompression", "Compression and decompression\Compression and decompression.csproj", "{D79FD7DB-2A04-4449-84EB-5D026C0A92BE}"
EndProject
Global
	GlobalSection(SolutionConfigurationPlatforms) = preSolution
		Debug|Any CPU = Debug|Any CPU
		Release|Any CPU = Release|Any CPU
	EndGlobalSection
	GlobalSection(ProjectConfigurationPlatforms) = postSolution
		{D79FD7DB-2A04-4449-84EB-5D026C0A92BE}.Debug|Any CPU.ActiveCfg = Debug|Any CPU
		{D79FD7DB-2A04-4449-84EB-5D026C0A92BE}.Debug|Any CPU.Build.0 = Debug|Any CPU
		{D79FD7DB-2A04-4449-84EB-5D026C0A92BE}.Release|Any CPU.ActiveCfg = Release|Any CPU
		{D79FD7DB-2A04-4449-84EB-5D026C0A92BE}.Release|Any CPU.Build.0 = Release|Any CPU
	EndGlobalSection
	GlobalSection(SolutionProperties) = preSolution
		HideSolutionNode = FALSE
	EndGlobalSection
	GlobalSection(ExtensibilityGlobals) = postSolution
		SolutionGuid = {240CAF9E-47F4-4435-A1EF-6DF0F4C212B9}
	EndGlobalSection
EndGlobal
